
Microsoft Visual Studio Solution File, Format Version 12.00
# Visual Studio 2013
VisualStudioVersion = 12.0.30501.0
MinimumVisualStudioVersion = 10.0.40219.1
Project("{FAE04EC0-301F-11D3-BF4B-00C04F79EFBC}") = "DayEasy.Web.ManageMent", "DayEasy.Web.ManageMent\DayEasy.Web.ManageMent.csproj", "{99FFEFCC-24B9-4032-8505-87B64B2BD6F3}"
EndProject
Project("{2150E333-8FDC-42A3-9474-1A3956D46DE8}") = "Contracts", "Contracts", "{3C237210-A66B-4434-9D90-D0899E2803F8}"
EndProject
Project("{FAE04EC0-301F-11D3-BF4B-00C04F79EFBC}") = "DayEasy.Contracts.Management", "DayEasy.Contracts.Management\DayEasy.Contracts.Management.csproj", "{992CCC70-65D1-411E-9D6A-B0980F6454EC}"
EndProject
Project("{FAE04EC0-301F-11D3-BF4B-00C04F79EFBC}") = "DayEasy.Management.Services", "DayEasy.Management.Services\DayEasy.Management.Services.csproj", "{D49958BF-EA27-4038-882A-964918642295}"
EndProject
Global
	GlobalSection(SolutionConfigurationPlatforms) = preSolution
		Debug|Any CPU = Debug|Any CPU
		Release|Any CPU = Release|Any CPU
	EndGlobalSection
	GlobalSection(ProjectConfigurationPlatforms) = postSolution
		{99FFEFCC-24B9-4032-8505-87B64B2BD6F3}.Debug|Any CPU.ActiveCfg = Debug|Any CPU
		{99FFEFCC-24B9-4032-8505-87B64B2BD6F3}.Debug|Any CPU.Build.0 = Debug|Any CPU
		{99FFEFCC-24B9-4032-8505-87B64B2BD6F3}.Release|Any CPU.ActiveCfg = Release|Any CPU
		{99FFEFCC-24B9-4032-8505-87B64B2BD6F3}.Release|Any CPU.Build.0 = Release|Any CPU
		{992CCC70-65D1-411E-9D6A-B0980F6454EC}.Debug|Any CPU.ActiveCfg = Debug|Any CPU
		{992CCC70-65D1-411E-9D6A-B0980F6454EC}.Debug|Any CPU.Build.0 = Debug|Any CPU
		{992CCC70-65D1-411E-9D6A-B0980F6454EC}.Release|Any CPU.ActiveCfg = Release|Any CPU
		{992CCC70-65D1-411E-9D6A-B0980F6454EC}.Release|Any CPU.Build.0 = Release|Any CPU
		{D49958BF-EA27-4038-882A-964918642295}.Debug|Any CPU.ActiveCfg = Debug|Any CPU
		{D49958BF-EA27-4038-882A-964918642295}.Debug|Any CPU.Build.0 = Debug|Any CPU
		{D49958BF-EA27-4038-882A-964918642295}.Release|Any CPU.ActiveCfg = Release|Any CPU
		{D49958BF-EA27-4038-882A-964918642295}.Release|Any CPU.Build.0 = Release|Any CPU
	EndGlobalSection
	GlobalSection(SolutionProperties) = preSolution
		HideSolutionNode = FALSE
	EndGlobalSection
	GlobalSection(NestedProjects) = preSolution
		{992CCC70-65D1-411E-9D6A-B0980F6454EC} = {3C237210-A66B-4434-9D90-D0899E2803F8}
		{D49958BF-EA27-4038-882A-964918642295} = {3C237210-A66B-4434-9D90-D0899E2803F8}
	EndGlobalSection
EndGlobal
