
Microsoft Visual Studio Solution File, Format Version 12.00
# Visual Studio 14
VisualStudioVersion = 14.0.25420.1
MinimumVisualStudioVersion = 10.0.40219.1
Project("{2150E333-8FDC-42A3-9474-1A3956D46DE8}") = "Services", "Services", "{66E5AC3D-EEAE-4029-903D-8F6943AFBDCF}"
EndProject
Project("{2150E333-8FDC-42A3-9474-1A3956D46DE8}") = "Tests", "Tests", "{3EC392FF-1E7A-485F-982C-710878078618}"
EndProject
Project("{FAE04EC0-301F-11D3-BF4B-00C04F79EFBC}") = "DayEasy.Contracts", "DayEasy.Contracts\DayEasy.Contracts.csproj", "{9448102C-5E14-4978-9F1C-4DF2A2C192B5}"
EndProject
Project("{FAE04EC0-301F-11D3-BF4B-00C04F79EFBC}") = "DayEasy.Web", "DayEasy.Web\DayEasy.Web.csproj", "{C65AF7C8-14C8-4988-B584-A0940FAAC5A1}"
EndProject
Project("{FAE04EC0-301F-11D3-BF4B-00C04F79EFBC}") = "DayEasy.Services", "Services\DayEasy.Services\DayEasy.Services.csproj", "{80BA8DE0-34D4-416D-A9BB-21FD89D649AC}"
EndProject
Project("{FAE04EC0-301F-11D3-BF4B-00C04F79EFBC}") = "DayEasy.User.Services", "Services\DayEasy.User.Services\DayEasy.User.Services.csproj", "{CC7AD360-4405-4185-920C-99615E200557}"
EndProject
Project("{FAE04EC0-301F-11D3-BF4B-00C04F79EFBC}") = "DayEasy.UnitTest", "Tests\DayEasy.UnitTest\DayEasy.UnitTest.csproj", "{D644F3A1-D8DD-4EFE-A57A-52BC9F071AC6}"
EndProject
Project("{FAE04EC0-301F-11D3-BF4B-00C04F79EFBC}") = "DayEasy.Group.Services", "Services\DayEasy.Group.Services\DayEasy.Group.Services.csproj", "{D74BF9F6-1457-40DB-9855-3E0F2ABD750A}"
EndProject
Project("{FAE04EC0-301F-11D3-BF4B-00C04F79EFBC}") = "DayEasy.Paper.Services", "Services\DayEasy.Paper.Services\DayEasy.Paper.Services.csproj", "{688BB37A-6770-4ACE-B530-EB5458016F24}"
EndProject
Project("{FAE04EC0-301F-11D3-BF4B-00C04F79EFBC}") = "DayEasy.Publish.Services", "Services\DayEasy.Publish.Services\DayEasy.Publish.Services.csproj", "{F569EBD4-7CBB-4344-B158-A38286C7AE51}"
EndProject
Project("{FAE04EC0-301F-11D3-BF4B-00C04F79EFBC}") = "DayEasy.Message.Services", "Services\DayEasy.Message.Services\DayEasy.Message.Services.csproj", "{909BE3F2-52D7-46BB-9464-76CF0958A5AB}"
EndProject
Project("{FAE04EC0-301F-11D3-BF4B-00C04F79EFBC}") = "DayEasy.Marking.Services", "Services\DayEasy.Marking.Services\DayEasy.Marking.Services.csproj", "{11AE4C0B-EFE7-4489-BE0B-C7A5BA6BC822}"
EndProject
Project("{FAE04EC0-301F-11D3-BF4B-00C04F79EFBC}") = "DayEasy.Tutor.Services", "Services\DayEasy.Tutor.Services\DayEasy.Tutor.Services.csproj", "{250907DF-CCB5-4E69-BA0A-018AEA5C8705}"
EndProject
Project("{FAE04EC0-301F-11D3-BF4B-00C04F79EFBC}") = "DayEasy.Topic.Services", "Services\DayEasy.Topic.Services\DayEasy.Topic.Services.csproj", "{097A4DD1-6358-4043-9F91-F3AF69BC8C48}"
EndProject
Project("{FAE04EC0-301F-11D3-BF4B-00C04F79EFBC}") = "DayEasy.Statistic.Services", "Services\DayEasy.Statistic.Services\DayEasy.Statistic.Services.csproj", "{D72A93B6-33FA-4243-A07F-B844311EBBA4}"
EndProject
Project("{FAE04EC0-301F-11D3-BF4B-00C04F79EFBC}") = "DayEasy.Examination.Services", "Services\DayEasy.Examination.Services\DayEasy.Examination.Services.csproj", "{C82620CC-C9B8-4250-9C3A-64AC85333BF6}"
EndProject
Project("{FAE04EC0-301F-11D3-BF4B-00C04F79EFBC}") = "DayEasy.MigrateTools", "Tests\DayEasy.MigrateTools\DayEasy.MigrateTools.csproj", "{42645A3E-FFBA-42A6-9A54-CBBE610F425A}"
EndProject
Project("{2150E333-8FDC-42A3-9474-1A3956D46DE8}") = "AsyncMission", "AsyncMission", "{21C6474A-F683-4052-A3F7-1BB84EB5E901}"
EndProject
Project("{FAE04EC0-301F-11D3-BF4B-00C04F79EFBC}") = "DayEasy.AsyncMission", "AsyncMission\DayEasy.AsyncMission\DayEasy.AsyncMission.csproj", "{004AA7CC-BBA6-40B6-A092-29564E1AA5D6}"
EndProject
Project("{FAE04EC0-301F-11D3-BF4B-00C04F79EFBC}") = "DayEasy.AsyncMission.Jobs", "AsyncMission\DayEasy.AsyncMission.Jobs\DayEasy.AsyncMission.Jobs.csproj", "{A891E36C-254D-4014-80AF-1A29AD4D11F0}"
EndProject
Global
	GlobalSection(SolutionConfigurationPlatforms) = preSolution
		Debug|Any CPU = Debug|Any CPU
		Release|Any CPU = Release|Any CPU
	EndGlobalSection
	GlobalSection(ProjectConfigurationPlatforms) = postSolution
		{9448102C-5E14-4978-9F1C-4DF2A2C192B5}.Debug|Any CPU.ActiveCfg = Debug|Any CPU
		{9448102C-5E14-4978-9F1C-4DF2A2C192B5}.Debug|Any CPU.Build.0 = Debug|Any CPU
		{9448102C-5E14-4978-9F1C-4DF2A2C192B5}.Release|Any CPU.ActiveCfg = Release|Any CPU
		{9448102C-5E14-4978-9F1C-4DF2A2C192B5}.Release|Any CPU.Build.0 = Release|Any CPU
		{C65AF7C8-14C8-4988-B584-A0940FAAC5A1}.Debug|Any CPU.ActiveCfg = Debug|Any CPU
		{C65AF7C8-14C8-4988-B584-A0940FAAC5A1}.Debug|Any CPU.Build.0 = Debug|Any CPU
		{C65AF7C8-14C8-4988-B584-A0940FAAC5A1}.Release|Any CPU.ActiveCfg = Release|Any CPU
		{C65AF7C8-14C8-4988-B584-A0940FAAC5A1}.Release|Any CPU.Build.0 = Release|Any CPU
		{80BA8DE0-34D4-416D-A9BB-21FD89D649AC}.Debug|Any CPU.ActiveCfg = Debug|Any CPU
		{80BA8DE0-34D4-416D-A9BB-21FD89D649AC}.Debug|Any CPU.Build.0 = Debug|Any CPU
		{80BA8DE0-34D4-416D-A9BB-21FD89D649AC}.Release|Any CPU.ActiveCfg = Release|Any CPU
		{80BA8DE0-34D4-416D-A9BB-21FD89D649AC}.Release|Any CPU.Build.0 = Release|Any CPU
		{CC7AD360-4405-4185-920C-99615E200557}.Debug|Any CPU.ActiveCfg = Debug|Any CPU
		{CC7AD360-4405-4185-920C-99615E200557}.Debug|Any CPU.Build.0 = Debug|Any CPU
		{CC7AD360-4405-4185-920C-99615E200557}.Release|Any CPU.ActiveCfg = Release|Any CPU
		{CC7AD360-4405-4185-920C-99615E200557}.Release|Any CPU.Build.0 = Release|Any CPU
		{D644F3A1-D8DD-4EFE-A57A-52BC9F071AC6}.Debug|Any CPU.ActiveCfg = Debug|Any CPU
		{D644F3A1-D8DD-4EFE-A57A-52BC9F071AC6}.Debug|Any CPU.Build.0 = Debug|Any CPU
		{D644F3A1-D8DD-4EFE-A57A-52BC9F071AC6}.Release|Any CPU.ActiveCfg = Debug|Any CPU
		{D644F3A1-D8DD-4EFE-A57A-52BC9F071AC6}.Release|Any CPU.Build.0 = Debug|Any CPU
		{D74BF9F6-1457-40DB-9855-3E0F2ABD750A}.Debug|Any CPU.ActiveCfg = Debug|Any CPU
		{D74BF9F6-1457-40DB-9855-3E0F2ABD750A}.Debug|Any CPU.Build.0 = Debug|Any CPU
		{D74BF9F6-1457-40DB-9855-3E0F2ABD750A}.Release|Any CPU.ActiveCfg = Release|Any CPU
		{D74BF9F6-1457-40DB-9855-3E0F2ABD750A}.Release|Any CPU.Build.0 = Release|Any CPU
		{688BB37A-6770-4ACE-B530-EB5458016F24}.Debug|Any CPU.ActiveCfg = Debug|Any CPU
		{688BB37A-6770-4ACE-B530-EB5458016F24}.Debug|Any CPU.Build.0 = Debug|Any CPU
		{688BB37A-6770-4ACE-B530-EB5458016F24}.Release|Any CPU.ActiveCfg = Release|Any CPU
		{688BB37A-6770-4ACE-B530-EB5458016F24}.Release|Any CPU.Build.0 = Release|Any CPU
		{F569EBD4-7CBB-4344-B158-A38286C7AE51}.Debug|Any CPU.ActiveCfg = Debug|Any CPU
		{F569EBD4-7CBB-4344-B158-A38286C7AE51}.Debug|Any CPU.Build.0 = Debug|Any CPU
		{F569EBD4-7CBB-4344-B158-A38286C7AE51}.Release|Any CPU.ActiveCfg = Release|Any CPU
		{F569EBD4-7CBB-4344-B158-A38286C7AE51}.Release|Any CPU.Build.0 = Release|Any CPU
		{909BE3F2-52D7-46BB-9464-76CF0958A5AB}.Debug|Any CPU.ActiveCfg = Debug|Any CPU
		{909BE3F2-52D7-46BB-9464-76CF0958A5AB}.Debug|Any CPU.Build.0 = Debug|Any CPU
		{909BE3F2-52D7-46BB-9464-76CF0958A5AB}.Release|Any CPU.ActiveCfg = Release|Any CPU
		{909BE3F2-52D7-46BB-9464-76CF0958A5AB}.Release|Any CPU.Build.0 = Release|Any CPU
		{11AE4C0B-EFE7-4489-BE0B-C7A5BA6BC822}.Debug|Any CPU.ActiveCfg = Debug|Any CPU
		{11AE4C0B-EFE7-4489-BE0B-C7A5BA6BC822}.Debug|Any CPU.Build.0 = Debug|Any CPU
		{11AE4C0B-EFE7-4489-BE0B-C7A5BA6BC822}.Release|Any CPU.ActiveCfg = Release|Any CPU
		{11AE4C0B-EFE7-4489-BE0B-C7A5BA6BC822}.Release|Any CPU.Build.0 = Release|Any CPU
		{250907DF-CCB5-4E69-BA0A-018AEA5C8705}.Debug|Any CPU.ActiveCfg = Debug|Any CPU
		{250907DF-CCB5-4E69-BA0A-018AEA5C8705}.Debug|Any CPU.Build.0 = Debug|Any CPU
		{250907DF-CCB5-4E69-BA0A-018AEA5C8705}.Release|Any CPU.ActiveCfg = Release|Any CPU
		{250907DF-CCB5-4E69-BA0A-018AEA5C8705}.Release|Any CPU.Build.0 = Release|Any CPU
		{097A4DD1-6358-4043-9F91-F3AF69BC8C48}.Debug|Any CPU.ActiveCfg = Debug|Any CPU
		{097A4DD1-6358-4043-9F91-F3AF69BC8C48}.Debug|Any CPU.Build.0 = Debug|Any CPU
		{097A4DD1-6358-4043-9F91-F3AF69BC8C48}.Release|Any CPU.ActiveCfg = Release|Any CPU
		{097A4DD1-6358-4043-9F91-F3AF69BC8C48}.Release|Any CPU.Build.0 = Release|Any CPU
		{D72A93B6-33FA-4243-A07F-B844311EBBA4}.Debug|Any CPU.ActiveCfg = Debug|Any CPU
		{D72A93B6-33FA-4243-A07F-B844311EBBA4}.Debug|Any CPU.Build.0 = Debug|Any CPU
		{D72A93B6-33FA-4243-A07F-B844311EBBA4}.Release|Any CPU.ActiveCfg = Release|Any CPU
		{D72A93B6-33FA-4243-A07F-B844311EBBA4}.Release|Any CPU.Build.0 = Release|Any CPU
		{C82620CC-C9B8-4250-9C3A-64AC85333BF6}.Debug|Any CPU.ActiveCfg = Debug|Any CPU
		{C82620CC-C9B8-4250-9C3A-64AC85333BF6}.Debug|Any CPU.Build.0 = Debug|Any CPU
		{C82620CC-C9B8-4250-9C3A-64AC85333BF6}.Release|Any CPU.ActiveCfg = Release|Any CPU
		{C82620CC-C9B8-4250-9C3A-64AC85333BF6}.Release|Any CPU.Build.0 = Release|Any CPU
		{42645A3E-FFBA-42A6-9A54-CBBE610F425A}.Debug|Any CPU.ActiveCfg = Debug|Any CPU
		{42645A3E-FFBA-42A6-9A54-CBBE610F425A}.Debug|Any CPU.Build.0 = Debug|Any CPU
		{42645A3E-FFBA-42A6-9A54-CBBE610F425A}.Release|Any CPU.ActiveCfg = Release|Any CPU
		{42645A3E-FFBA-42A6-9A54-CBBE610F425A}.Release|Any CPU.Build.0 = Release|Any CPU
		{004AA7CC-BBA6-40B6-A092-29564E1AA5D6}.Debug|Any CPU.ActiveCfg = Debug|Any CPU
		{004AA7CC-BBA6-40B6-A092-29564E1AA5D6}.Debug|Any CPU.Build.0 = Debug|Any CPU
		{004AA7CC-BBA6-40B6-A092-29564E1AA5D6}.Release|Any CPU.ActiveCfg = Release|Any CPU
		{004AA7CC-BBA6-40B6-A092-29564E1AA5D6}.Release|Any CPU.Build.0 = Release|Any CPU
		{A891E36C-254D-4014-80AF-1A29AD4D11F0}.Debug|Any CPU.ActiveCfg = Debug|Any CPU
		{A891E36C-254D-4014-80AF-1A29AD4D11F0}.Debug|Any CPU.Build.0 = Debug|Any CPU
		{A891E36C-254D-4014-80AF-1A29AD4D11F0}.Release|Any CPU.ActiveCfg = Release|Any CPU
		{A891E36C-254D-4014-80AF-1A29AD4D11F0}.Release|Any CPU.Build.0 = Release|Any CPU
	EndGlobalSection
	GlobalSection(SolutionProperties) = preSolution
		HideSolutionNode = FALSE
	EndGlobalSection
	GlobalSection(NestedProjects) = preSolution
		{80BA8DE0-34D4-416D-A9BB-21FD89D649AC} = {66E5AC3D-EEAE-4029-903D-8F6943AFBDCF}
		{CC7AD360-4405-4185-920C-99615E200557} = {66E5AC3D-EEAE-4029-903D-8F6943AFBDCF}
		{D644F3A1-D8DD-4EFE-A57A-52BC9F071AC6} = {3EC392FF-1E7A-485F-982C-710878078618}
		{D74BF9F6-1457-40DB-9855-3E0F2ABD750A} = {66E5AC3D-EEAE-4029-903D-8F6943AFBDCF}
		{688BB37A-6770-4ACE-B530-EB5458016F24} = {66E5AC3D-EEAE-4029-903D-8F6943AFBDCF}
		{F569EBD4-7CBB-4344-B158-A38286C7AE51} = {66E5AC3D-EEAE-4029-903D-8F6943AFBDCF}
		{909BE3F2-52D7-46BB-9464-76CF0958A5AB} = {66E5AC3D-EEAE-4029-903D-8F6943AFBDCF}
		{11AE4C0B-EFE7-4489-BE0B-C7A5BA6BC822} = {66E5AC3D-EEAE-4029-903D-8F6943AFBDCF}
		{250907DF-CCB5-4E69-BA0A-018AEA5C8705} = {66E5AC3D-EEAE-4029-903D-8F6943AFBDCF}
		{097A4DD1-6358-4043-9F91-F3AF69BC8C48} = {66E5AC3D-EEAE-4029-903D-8F6943AFBDCF}
		{D72A93B6-33FA-4243-A07F-B844311EBBA4} = {66E5AC3D-EEAE-4029-903D-8F6943AFBDCF}
		{C82620CC-C9B8-4250-9C3A-64AC85333BF6} = {66E5AC3D-EEAE-4029-903D-8F6943AFBDCF}
		{42645A3E-FFBA-42A6-9A54-CBBE610F425A} = {3EC392FF-1E7A-485F-982C-710878078618}
		{004AA7CC-BBA6-40B6-A092-29564E1AA5D6} = {21C6474A-F683-4052-A3F7-1BB84EB5E901}
		{A891E36C-254D-4014-80AF-1A29AD4D11F0} = {21C6474A-F683-4052-A3F7-1BB84EB5E901}
	EndGlobalSection
EndGlobal
